
Microsoft Visual Studio Solution File, Format Version 12.00
# Visual Studio Version 17
VisualStudioVersion = 17.0.31903.59
MinimumVisualStudioVersion = 10.0.40219.1
Project("{FAE04EC0-301F-11D3-BF4B-00C04F79EFBC}") = "HelloXUnit", "HelloXUnit\HelloXUnit.csproj", "{5DF41311-B776-4B51-8481-BDDEDB56E7AB}"
EndProject
Project("{FAE04EC0-301F-11D3-BF4B-00C04F79EFBC}") = "HelloXUnit.Tests", "HelloXUnit.Tests\HelloXUnit.Tests.csproj", "{CF6DE39E-63DF-4B0C-86B0-763B3E18DB64}"
EndProject
Global
	GlobalSection(SolutionConfigurationPlatforms) = preSolution
		Debug|Any CPU = Debug|Any CPU
		Release|Any CPU = Release|Any CPU
	EndGlobalSection
	GlobalSection(SolutionProperties) = preSolution
		HideSolutionNode = FALSE
	EndGlobalSection
	GlobalSection(ProjectConfigurationPlatforms) = postSolution
		{5DF41311-B776-4B51-8481-BDDEDB56E7AB}.Debug|Any CPU.ActiveCfg = Debug|Any CPU
		{5DF41311-B776-4B51-8481-BDDEDB56E7AB}.Debug|Any CPU.Build.0 = Debug|Any CPU
		{5DF41311-B776-4B51-8481-BDDEDB56E7AB}.Release|Any CPU.ActiveCfg = Release|Any CPU
		{5DF41311-B776-4B51-8481-BDDEDB56E7AB}.Release|Any CPU.Build.0 = Release|Any CPU
		{CF6DE39E-63DF-4B0C-86B0-763B3E18DB64}.Debug|Any CPU.ActiveCfg = Debug|Any CPU
		{CF6DE39E-63DF-4B0C-86B0-763B3E18DB64}.Debug|Any CPU.Build.0 = Debug|Any CPU
		{CF6DE39E-63DF-4B0C-86B0-763B3E18DB64}.Release|Any CPU.ActiveCfg = Release|Any CPU
		{CF6DE39E-63DF-4B0C-86B0-763B3E18DB64}.Release|Any CPU.Build.0 = Release|Any CPU
	EndGlobalSection
EndGlobal
